
Microsoft Visual Studio Solution File, Format Version 12.00
# Visual Studio Version 17
VisualStudioVersion = 17.9.34701.34
MinimumVisualStudioVersion = 10.0.40219.1
Project("{FAE04EC0-301F-11D3-BF4B-00C04F79EFBC}") = "HelpdeskApi", "HelpdeskApi\HelpdeskApi.csproj", "{876BB2D3-E1FA-4DDC-BEBB-18AF168DBFAD}"
EndProject
Global
	GlobalSection(SolutionConfigurationPlatforms) = preSolution
		Debug|Any CPU = Debug|Any CPU
		Release|Any CPU = Release|Any CPU
	EndGlobalSection
	GlobalSection(ProjectConfigurationPlatforms) = postSolution
		{876BB2D3-E1FA-4DDC-BEBB-18AF168DBFAD}.Debug|Any CPU.ActiveCfg = Debug|Any CPU
		{876BB2D3-E1FA-4DDC-BEBB-18AF168DBFAD}.Debug|Any CPU.Build.0 = Debug|Any CPU
		{876BB2D3-E1FA-4DDC-BEBB-18AF168DBFAD}.Release|Any CPU.ActiveCfg = Release|Any CPU
		{876BB2D3-E1FA-4DDC-BEBB-18AF168DBFAD}.Release|Any CPU.Build.0 = Release|Any CPU
	EndGlobalSection
	GlobalSection(SolutionProperties) = preSolution
		HideSolutionNode = FALSE
	EndGlobalSection
	GlobalSection(ExtensibilityGlobals) = postSolution
		SolutionGuid = {F9B9D69E-4CA6-4084-9F4B-CDA02838422F}
	EndGlobalSection
EndGlobal
